
Microsoft Visual Studio Solution File, Format Version 12.00
# Visual Studio 2013
VisualStudioVersion = 12.0.30110.0
MinimumVisualStudioVersion = 10.0.40219.1
Project("{FAE04EC0-301F-11D3-BF4B-00C04F79EFBC}") = "FactoryInsight.W8", "FactoryInsight\FactoryInsight.W8.csproj", "{AE636CFB-E467-4B0A-8381-ECB752B6C643}"
EndProject
Project("{FAE04EC0-301F-11D3-BF4B-00C04F79EFBC}") = "FactoryInsight.WP", "FactoryInsight.WP\FactoryInsight.WP.csproj", "{B38A6662-F656-4FCD-9484-EA1A1532A9B5}"
EndProject
Project("{FAE04EC0-301F-11D3-BF4B-00C04F79EFBC}") = "FactoryInsight.Core", "FactoryInsight.Core\FactoryInsight.Core.csproj", "{309E5EFC-71CC-4D0C-A9F5-4A67E339D700}"
EndProject
Global
	GlobalSection(SolutionConfigurationPlatforms) = preSolution
		Debug|Any CPU = Debug|Any CPU
		Debug|ARM = Debug|ARM
		Debug|x64 = Debug|x64
		Debug|x86 = Debug|x86
		Release|Any CPU = Release|Any CPU
		Release|ARM = Release|ARM
		Release|x64 = Release|x64
		Release|x86 = Release|x86
	EndGlobalSection
	GlobalSection(ProjectConfigurationPlatforms) = postSolution
		{AE636CFB-E467-4B0A-8381-ECB752B6C643}.Debug|Any CPU.ActiveCfg = Debug|Any CPU
		{AE636CFB-E467-4B0A-8381-ECB752B6C643}.Debug|Any CPU.Build.0 = Debug|Any CPU
		{AE636CFB-E467-4B0A-8381-ECB752B6C643}.Debug|Any CPU.Deploy.0 = Debug|Any CPU
		{AE636CFB-E467-4B0A-8381-ECB752B6C643}.Debug|ARM.ActiveCfg = Debug|ARM
		{AE636CFB-E467-4B0A-8381-ECB752B6C643}.Debug|ARM.Build.0 = Debug|ARM
		{AE636CFB-E467-4B0A-8381-ECB752B6C643}.Debug|ARM.Deploy.0 = Debug|ARM
		{AE636CFB-E467-4B0A-8381-ECB752B6C643}.Debug|x64.ActiveCfg = Debug|x64
		{AE636CFB-E467-4B0A-8381-ECB752B6C643}.Debug|x64.Build.0 = Debug|x64
		{AE636CFB-E467-4B0A-8381-ECB752B6C643}.Debug|x64.Deploy.0 = Debug|x64
		{AE636CFB-E467-4B0A-8381-ECB752B6C643}.Debug|x86.ActiveCfg = Debug|x86
		{AE636CFB-E467-4B0A-8381-ECB752B6C643}.Debug|x86.Build.0 = Debug|x86
		{AE636CFB-E467-4B0A-8381-ECB752B6C643}.Debug|x86.Deploy.0 = Debug|x86
		{AE636CFB-E467-4B0A-8381-ECB752B6C643}.Release|Any CPU.ActiveCfg = Release|Any CPU
		{AE636CFB-E467-4B0A-8381-ECB752B6C643}.Release|Any CPU.Build.0 = Release|Any CPU
		{AE636CFB-E467-4B0A-8381-ECB752B6C643}.Release|Any CPU.Deploy.0 = Release|Any CPU
		{AE636CFB-E467-4B0A-8381-ECB752B6C643}.Release|ARM.ActiveCfg = Release|ARM
		{AE636CFB-E467-4B0A-8381-ECB752B6C643}.Release|ARM.Build.0 = Release|ARM
		{AE636CFB-E467-4B0A-8381-ECB752B6C643}.Release|ARM.Deploy.0 = Release|ARM
		{AE636CFB-E467-4B0A-8381-ECB752B6C643}.Release|x64.ActiveCfg = Release|x64
		{AE636CFB-E467-4B0A-8381-ECB752B6C643}.Release|x64.Build.0 = Release|x64
		{AE636CFB-E467-4B0A-8381-ECB752B6C643}.Release|x64.Deploy.0 = Release|x64
		{AE636CFB-E467-4B0A-8381-ECB752B6C643}.Release|x86.ActiveCfg = Release|x86
		{AE636CFB-E467-4B0A-8381-ECB752B6C643}.Release|x86.Build.0 = Release|x86
		{AE636CFB-E467-4B0A-8381-ECB752B6C643}.Release|x86.Deploy.0 = Release|x86
		{B38A6662-F656-4FCD-9484-EA1A1532A9B5}.Debug|Any CPU.ActiveCfg = Debug|Any CPU
		{B38A6662-F656-4FCD-9484-EA1A1532A9B5}.Debug|Any CPU.Build.0 = Debug|Any CPU
		{B38A6662-F656-4FCD-9484-EA1A1532A9B5}.Debug|Any CPU.Deploy.0 = Debug|Any CPU
		{B38A6662-F656-4FCD-9484-EA1A1532A9B5}.Debug|ARM.ActiveCfg = Debug|ARM
		{B38A6662-F656-4FCD-9484-EA1A1532A9B5}.Debug|ARM.Build.0 = Debug|ARM
		{B38A6662-F656-4FCD-9484-EA1A1532A9B5}.Debug|ARM.Deploy.0 = Debug|ARM
		{B38A6662-F656-4FCD-9484-EA1A1532A9B5}.Debug|x64.ActiveCfg = Debug|Any CPU
		{B38A6662-F656-4FCD-9484-EA1A1532A9B5}.Debug|x86.ActiveCfg = Debug|x86
		{B38A6662-F656-4FCD-9484-EA1A1532A9B5}.Debug|x86.Build.0 = Debug|x86
		{B38A6662-F656-4FCD-9484-EA1A1532A9B5}.Debug|x86.Deploy.0 = Debug|x86
		{B38A6662-F656-4FCD-9484-EA1A1532A9B5}.Release|Any CPU.ActiveCfg = Release|Any CPU
		{B38A6662-F656-4FCD-9484-EA1A1532A9B5}.Release|Any CPU.Build.0 = Release|Any CPU
		{B38A6662-F656-4FCD-9484-EA1A1532A9B5}.Release|Any CPU.Deploy.0 = Release|Any CPU
		{B38A6662-F656-4FCD-9484-EA1A1532A9B5}.Release|ARM.ActiveCfg = Release|ARM
		{B38A6662-F656-4FCD-9484-EA1A1532A9B5}.Release|ARM.Build.0 = Release|ARM
		{B38A6662-F656-4FCD-9484-EA1A1532A9B5}.Release|ARM.Deploy.0 = Release|ARM
		{B38A6662-F656-4FCD-9484-EA1A1532A9B5}.Release|x64.ActiveCfg = Release|Any CPU
		{B38A6662-F656-4FCD-9484-EA1A1532A9B5}.Release|x86.ActiveCfg = Release|x86
		{B38A6662-F656-4FCD-9484-EA1A1532A9B5}.Release|x86.Build.0 = Release|x86
		{B38A6662-F656-4FCD-9484-EA1A1532A9B5}.Release|x86.Deploy.0 = Release|x86
		{309E5EFC-71CC-4D0C-A9F5-4A67E339D700}.Debug|Any CPU.ActiveCfg = Debug|Any CPU
		{309E5EFC-71CC-4D0C-A9F5-4A67E339D700}.Debug|Any CPU.Build.0 = Debug|Any CPU
		{309E5EFC-71CC-4D0C-A9F5-4A67E339D700}.Debug|ARM.ActiveCfg = Debug|Any CPU
		{309E5EFC-71CC-4D0C-A9F5-4A67E339D700}.Debug|x64.ActiveCfg = Debug|Any CPU
		{309E5EFC-71CC-4D0C-A9F5-4A67E339D700}.Debug|x86.ActiveCfg = Debug|Any CPU
		{309E5EFC-71CC-4D0C-A9F5-4A67E339D700}.Release|Any CPU.ActiveCfg = Release|Any CPU
		{309E5EFC-71CC-4D0C-A9F5-4A67E339D700}.Release|Any CPU.Build.0 = Release|Any CPU
		{309E5EFC-71CC-4D0C-A9F5-4A67E339D700}.Release|ARM.ActiveCfg = Release|Any CPU
		{309E5EFC-71CC-4D0C-A9F5-4A67E339D700}.Release|x64.ActiveCfg = Release|Any CPU
		{309E5EFC-71CC-4D0C-A9F5-4A67E339D700}.Release|x86.ActiveCfg = Release|Any CPU
	EndGlobalSection
	GlobalSection(SolutionProperties) = preSolution
		HideSolutionNode = FALSE
	EndGlobalSection
EndGlobal
